
Microsoft Visual Studio Solution File, Format Version 12.00
# Visual Studio 15
VisualStudioVersion = 15.0.26124.0
MinimumVisualStudioVersion = 15.0.26124.0
Project("{FAE04EC0-301F-11D3-BF4B-00C04F79EFBC}") = "Bob", "bob\Bob.csproj", "{17918C1C-FE06-44E6-8DB4-7EC2E1B2E2FE}"
EndProject
Project("{FAE04EC0-301F-11D3-BF4B-00C04F79EFBC}") = "Darts", "darts\Darts.csproj", "{147FABA0-696F-42C8-A525-8C736599CC96}"
EndProject
Project("{FAE04EC0-301F-11D3-BF4B-00C04F79EFBC}") = "DifferenceOfSquares", "difference-of-squares\DifferenceOfSquares.csproj", "{AD070E69-8E16-43E1-AAC4-F09038AAFBDD}"
EndProject
Project("{FAE04EC0-301F-11D3-BF4B-00C04F79EFBC}") = "Gigasecond", "gigasecond\Gigasecond.csproj", "{B2F65FB8-E590-45A0-9641-09E2637BCABA}"
EndProject
Project("{FAE04EC0-301F-11D3-BF4B-00C04F79EFBC}") = "Grains", "grains\Grains.csproj", "{D041FC0C-5FE1-42F1-8E98-89D51E9ACF00}"
EndProject
Project("{FAE04EC0-301F-11D3-BF4B-00C04F79EFBC}") = "Hamming", "hamming\Hamming.csproj", "{8778991F-652B-49EE-9A9A-9A92C349F8FB}"
EndProject
Project("{FAE04EC0-301F-11D3-BF4B-00C04F79EFBC}") = "HelloWorld", "hello-world\HelloWorld.csproj", "{84EF29CB-363C-44D2-A153-828F8A61C931}"
EndProject
Project("{FAE04EC0-301F-11D3-BF4B-00C04F79EFBC}") = "LargestSeriesProduct", "largest-series-product\LargestSeriesProduct.csproj", "{38EDD2A2-FE37-4781-8A5D-3BACE889740C}"
EndProject
Project("{FAE04EC0-301F-11D3-BF4B-00C04F79EFBC}") = "Leap", "leap\Leap.csproj", "{702E5238-48B2-41B1-8DF6-10986B03A7B1}"
EndProject
Project("{FAE04EC0-301F-11D3-BF4B-00C04F79EFBC}") = "Pangram", "pangram\Pangram.csproj", "{EC24F9D7-5830-4104-9BB9-FA8430213E3D}"
EndProject
Project("{FAE04EC0-301F-11D3-BF4B-00C04F79EFBC}") = "PerfectNumbers", "perfect-numbers\PerfectNumbers.csproj", "{51BC77CB-9D4C-4C3D-8807-1E5483F1DB8A}"
EndProject
Project("{FAE04EC0-301F-11D3-BF4B-00C04F79EFBC}") = "PythagoreanTriplet", "pythagorean-triplet\PythagoreanTriplet.csproj", "{616CA6C8-F773-4B6E-B809-CE72CFD284A3}"
EndProject
Project("{FAE04EC0-301F-11D3-BF4B-00C04F79EFBC}") = "RationalNumbers", "rational-numbers\RationalNumbers.csproj", "{4D6B274D-BBCF-4B49-AD27-48C39773B2BB}"
EndProject
Project("{FAE04EC0-301F-11D3-BF4B-00C04F79EFBC}") = "ReverseString", "reverse-string\ReverseString.csproj", "{12DADF4D-44B1-4661-B646-B8B0F2317B00}"
EndProject
Project("{FAE04EC0-301F-11D3-BF4B-00C04F79EFBC}") = "RnaTranscription", "rna-transcription\RnaTranscription.csproj", "{D10C9AC1-3A27-47BE-9E08-952441E9E5A7}"
EndProject
Project("{FAE04EC0-301F-11D3-BF4B-00C04F79EFBC}") = "RobotName", "robot-name\RobotName.csproj", "{6CA25A4D-9CA5-403C-8FBA-C1313DEE29A4}"
EndProject
Project("{FAE04EC0-301F-11D3-BF4B-00C04F79EFBC}") = "RotationalCipher", "rotational-cipher\RotationalCipher.csproj", "{80676D75-52F6-4D96-9C02-F352FD997E17}"
EndProject
Project("{FAE04EC0-301F-11D3-BF4B-00C04F79EFBC}") = "SpaceAge", "space-age\SpaceAge.csproj", "{77AED71D-1535-4E6A-A672-0D69C3789BDC}"
EndProject
Project("{FAE04EC0-301F-11D3-BF4B-00C04F79EFBC}") = "Triangle", "triangle\Triangle.csproj", "{2F76290D-9A90-471A-8B09-D90367AC0F18}"
EndProject
Global
	GlobalSection(SolutionConfigurationPlatforms) = preSolution
		Debug|Any CPU = Debug|Any CPU
		Debug|x64 = Debug|x64
		Debug|x86 = Debug|x86
		Release|Any CPU = Release|Any CPU
		Release|x64 = Release|x64
		Release|x86 = Release|x86
	EndGlobalSection
	GlobalSection(SolutionProperties) = preSolution
		HideSolutionNode = FALSE
	EndGlobalSection
	GlobalSection(ProjectConfigurationPlatforms) = postSolution
		{17918C1C-FE06-44E6-8DB4-7EC2E1B2E2FE}.Debug|Any CPU.ActiveCfg = Debug|Any CPU
		{17918C1C-FE06-44E6-8DB4-7EC2E1B2E2FE}.Debug|Any CPU.Build.0 = Debug|Any CPU
		{17918C1C-FE06-44E6-8DB4-7EC2E1B2E2FE}.Debug|x64.ActiveCfg = Debug|Any CPU
		{17918C1C-FE06-44E6-8DB4-7EC2E1B2E2FE}.Debug|x64.Build.0 = Debug|Any CPU
		{17918C1C-FE06-44E6-8DB4-7EC2E1B2E2FE}.Debug|x86.ActiveCfg = Debug|Any CPU
		{17918C1C-FE06-44E6-8DB4-7EC2E1B2E2FE}.Debug|x86.Build.0 = Debug|Any CPU
		{17918C1C-FE06-44E6-8DB4-7EC2E1B2E2FE}.Release|Any CPU.ActiveCfg = Release|Any CPU
		{17918C1C-FE06-44E6-8DB4-7EC2E1B2E2FE}.Release|Any CPU.Build.0 = Release|Any CPU
		{17918C1C-FE06-44E6-8DB4-7EC2E1B2E2FE}.Release|x64.ActiveCfg = Release|Any CPU
		{17918C1C-FE06-44E6-8DB4-7EC2E1B2E2FE}.Release|x64.Build.0 = Release|Any CPU
		{17918C1C-FE06-44E6-8DB4-7EC2E1B2E2FE}.Release|x86.ActiveCfg = Release|Any CPU
		{17918C1C-FE06-44E6-8DB4-7EC2E1B2E2FE}.Release|x86.Build.0 = Release|Any CPU
		{147FABA0-696F-42C8-A525-8C736599CC96}.Debug|Any CPU.ActiveCfg = Debug|Any CPU
		{147FABA0-696F-42C8-A525-8C736599CC96}.Debug|Any CPU.Build.0 = Debug|Any CPU
		{147FABA0-696F-42C8-A525-8C736599CC96}.Debug|x64.ActiveCfg = Debug|Any CPU
		{147FABA0-696F-42C8-A525-8C736599CC96}.Debug|x64.Build.0 = Debug|Any CPU
		{147FABA0-696F-42C8-A525-8C736599CC96}.Debug|x86.ActiveCfg = Debug|Any CPU
		{147FABA0-696F-42C8-A525-8C736599CC96}.Debug|x86.Build.0 = Debug|Any CPU
		{147FABA0-696F-42C8-A525-8C736599CC96}.Release|Any CPU.ActiveCfg = Release|Any CPU
		{147FABA0-696F-42C8-A525-8C736599CC96}.Release|Any CPU.Build.0 = Release|Any CPU
		{147FABA0-696F-42C8-A525-8C736599CC96}.Release|x64.ActiveCfg = Release|Any CPU
		{147FABA0-696F-42C8-A525-8C736599CC96}.Release|x64.Build.0 = Release|Any CPU
		{147FABA0-696F-42C8-A525-8C736599CC96}.Release|x86.ActiveCfg = Release|Any CPU
		{147FABA0-696F-42C8-A525-8C736599CC96}.Release|x86.Build.0 = Release|Any CPU
		{AD070E69-8E16-43E1-AAC4-F09038AAFBDD}.Debug|Any CPU.ActiveCfg = Debug|Any CPU
		{AD070E69-8E16-43E1-AAC4-F09038AAFBDD}.Debug|Any CPU.Build.0 = Debug|Any CPU
		{AD070E69-8E16-43E1-AAC4-F09038AAFBDD}.Debug|x64.ActiveCfg = Debug|Any CPU
		{AD070E69-8E16-43E1-AAC4-F09038AAFBDD}.Debug|x64.Build.0 = Debug|Any CPU
		{AD070E69-8E16-43E1-AAC4-F09038AAFBDD}.Debug|x86.ActiveCfg = Debug|Any CPU
		{AD070E69-8E16-43E1-AAC4-F09038AAFBDD}.Debug|x86.Build.0 = Debug|Any CPU
		{AD070E69-8E16-43E1-AAC4-F09038AAFBDD}.Release|Any CPU.ActiveCfg = Release|Any CPU
		{AD070E69-8E16-43E1-AAC4-F09038AAFBDD}.Release|Any CPU.Build.0 = Release|Any CPU
		{AD070E69-8E16-43E1-AAC4-F09038AAFBDD}.Release|x64.ActiveCfg = Release|Any CPU
		{AD070E69-8E16-43E1-AAC4-F09038AAFBDD}.Release|x64.Build.0 = Release|Any CPU
		{AD070E69-8E16-43E1-AAC4-F09038AAFBDD}.Release|x86.ActiveCfg = Release|Any CPU
		{AD070E69-8E16-43E1-AAC4-F09038AAFBDD}.Release|x86.Build.0 = Release|Any CPU
		{B2F65FB8-E590-45A0-9641-09E2637BCABA}.Debug|Any CPU.ActiveCfg = Debug|Any CPU
		{B2F65FB8-E590-45A0-9641-09E2637BCABA}.Debug|Any CPU.Build.0 = Debug|Any CPU
		{B2F65FB8-E590-45A0-9641-09E2637BCABA}.Debug|x64.ActiveCfg = Debug|Any CPU
		{B2F65FB8-E590-45A0-9641-09E2637BCABA}.Debug|x64.Build.0 = Debug|Any CPU
		{B2F65FB8-E590-45A0-9641-09E2637BCABA}.Debug|x86.ActiveCfg = Debug|Any CPU
		{B2F65FB8-E590-45A0-9641-09E2637BCABA}.Debug|x86.Build.0 = Debug|Any CPU
		{B2F65FB8-E590-45A0-9641-09E2637BCABA}.Release|Any CPU.ActiveCfg = Release|Any CPU
		{B2F65FB8-E590-45A0-9641-09E2637BCABA}.Release|Any CPU.Build.0 = Release|Any CPU
		{B2F65FB8-E590-45A0-9641-09E2637BCABA}.Release|x64.ActiveCfg = Release|Any CPU
		{B2F65FB8-E590-45A0-9641-09E2637BCABA}.Release|x64.Build.0 = Release|Any CPU
		{B2F65FB8-E590-45A0-9641-09E2637BCABA}.Release|x86.ActiveCfg = Release|Any CPU
		{B2F65FB8-E590-45A0-9641-09E2637BCABA}.Release|x86.Build.0 = Release|Any CPU
		{D041FC0C-5FE1-42F1-8E98-89D51E9ACF00}.Debug|Any CPU.ActiveCfg = Debug|Any CPU
		{D041FC0C-5FE1-42F1-8E98-89D51E9ACF00}.Debug|Any CPU.Build.0 = Debug|Any CPU
		{D041FC0C-5FE1-42F1-8E98-89D51E9ACF00}.Debug|x64.ActiveCfg = Debug|Any CPU
		{D041FC0C-5FE1-42F1-8E98-89D51E9ACF00}.Debug|x64.Build.0 = Debug|Any CPU
		{D041FC0C-5FE1-42F1-8E98-89D51E9ACF00}.Debug|x86.ActiveCfg = Debug|Any CPU
		{D041FC0C-5FE1-42F1-8E98-89D51E9ACF00}.Debug|x86.Build.0 = Debug|Any CPU
		{D041FC0C-5FE1-42F1-8E98-89D51E9ACF00}.Release|Any CPU.ActiveCfg = Release|Any CPU
		{D041FC0C-5FE1-42F1-8E98-89D51E9ACF00}.Release|Any CPU.Build.0 = Release|Any CPU
		{D041FC0C-5FE1-42F1-8E98-89D51E9ACF00}.Release|x64.ActiveCfg = Release|Any CPU
		{D041FC0C-5FE1-42F1-8E98-89D51E9ACF00}.Release|x64.Build.0 = Release|Any CPU
		{D041FC0C-5FE1-42F1-8E98-89D51E9ACF00}.Release|x86.ActiveCfg = Release|Any CPU
		{D041FC0C-5FE1-42F1-8E98-89D51E9ACF00}.Release|x86.Build.0 = Release|Any CPU
		{8778991F-652B-49EE-9A9A-9A92C349F8FB}.Debug|Any CPU.ActiveCfg = Debug|Any CPU
		{8778991F-652B-49EE-9A9A-9A92C349F8FB}.Debug|Any CPU.Build.0 = Debug|Any CPU
		{8778991F-652B-49EE-9A9A-9A92C349F8FB}.Debug|x64.ActiveCfg = Debug|Any CPU
		{8778991F-652B-49EE-9A9A-9A92C349F8FB}.Debug|x64.Build.0 = Debug|Any CPU
		{8778991F-652B-49EE-9A9A-9A92C349F8FB}.Debug|x86.ActiveCfg = Debug|Any CPU
		{8778991F-652B-49EE-9A9A-9A92C349F8FB}.Debug|x86.Build.0 = Debug|Any CPU
		{8778991F-652B-49EE-9A9A-9A92C349F8FB}.Release|Any CPU.ActiveCfg = Release|Any CPU
		{8778991F-652B-49EE-9A9A-9A92C349F8FB}.Release|Any CPU.Build.0 = Release|Any CPU
		{8778991F-652B-49EE-9A9A-9A92C349F8FB}.Release|x64.ActiveCfg = Release|Any CPU
		{8778991F-652B-49EE-9A9A-9A92C349F8FB}.Release|x64.Build.0 = Release|Any CPU
		{8778991F-652B-49EE-9A9A-9A92C349F8FB}.Release|x86.ActiveCfg = Release|Any CPU
		{8778991F-652B-49EE-9A9A-9A92C349F8FB}.Release|x86.Build.0 = Release|Any CPU
		{84EF29CB-363C-44D2-A153-828F8A61C931}.Debug|Any CPU.ActiveCfg = Debug|Any CPU
		{84EF29CB-363C-44D2-A153-828F8A61C931}.Debug|Any CPU.Build.0 = Debug|Any CPU
		{84EF29CB-363C-44D2-A153-828F8A61C931}.Debug|x64.ActiveCfg = Debug|Any CPU
		{84EF29CB-363C-44D2-A153-828F8A61C931}.Debug|x64.Build.0 = Debug|Any CPU
		{84EF29CB-363C-44D2-A153-828F8A61C931}.Debug|x86.ActiveCfg = Debug|Any CPU
		{84EF29CB-363C-44D2-A153-828F8A61C931}.Debug|x86.Build.0 = Debug|Any CPU
		{84EF29CB-363C-44D2-A153-828F8A61C931}.Release|Any CPU.ActiveCfg = Release|Any CPU
		{84EF29CB-363C-44D2-A153-828F8A61C931}.Release|Any CPU.Build.0 = Release|Any CPU
		{84EF29CB-363C-44D2-A153-828F8A61C931}.Release|x64.ActiveCfg = Release|Any CPU
		{84EF29CB-363C-44D2-A153-828F8A61C931}.Release|x64.Build.0 = Release|Any CPU
		{84EF29CB-363C-44D2-A153-828F8A61C931}.Release|x86.ActiveCfg = Release|Any CPU
		{84EF29CB-363C-44D2-A153-828F8A61C931}.Release|x86.Build.0 = Release|Any CPU
		{38EDD2A2-FE37-4781-8A5D-3BACE889740C}.Debug|Any CPU.ActiveCfg = Debug|Any CPU
		{38EDD2A2-FE37-4781-8A5D-3BACE889740C}.Debug|Any CPU.Build.0 = Debug|Any CPU
		{38EDD2A2-FE37-4781-8A5D-3BACE889740C}.Debug|x64.ActiveCfg = Debug|Any CPU
		{38EDD2A2-FE37-4781-8A5D-3BACE889740C}.Debug|x64.Build.0 = Debug|Any CPU
		{38EDD2A2-FE37-4781-8A5D-3BACE889740C}.Debug|x86.ActiveCfg = Debug|Any CPU
		{38EDD2A2-FE37-4781-8A5D-3BACE889740C}.Debug|x86.Build.0 = Debug|Any CPU
		{38EDD2A2-FE37-4781-8A5D-3BACE889740C}.Release|Any CPU.ActiveCfg = Release|Any CPU
		{38EDD2A2-FE37-4781-8A5D-3BACE889740C}.Release|Any CPU.Build.0 = Release|Any CPU
		{38EDD2A2-FE37-4781-8A5D-3BACE889740C}.Release|x64.ActiveCfg = Release|Any CPU
		{38EDD2A2-FE37-4781-8A5D-3BACE889740C}.Release|x64.Build.0 = Release|Any CPU
		{38EDD2A2-FE37-4781-8A5D-3BACE889740C}.Release|x86.ActiveCfg = Release|Any CPU
		{38EDD2A2-FE37-4781-8A5D-3BACE889740C}.Release|x86.Build.0 = Release|Any CPU
		{702E5238-48B2-41B1-8DF6-10986B03A7B1}.Debug|Any CPU.ActiveCfg = Debug|Any CPU
		{702E5238-48B2-41B1-8DF6-10986B03A7B1}.Debug|Any CPU.Build.0 = Debug|Any CPU
		{702E5238-48B2-41B1-8DF6-10986B03A7B1}.Debug|x64.ActiveCfg = Debug|Any CPU
		{702E5238-48B2-41B1-8DF6-10986B03A7B1}.Debug|x64.Build.0 = Debug|Any CPU
		{702E5238-48B2-41B1-8DF6-10986B03A7B1}.Debug|x86.ActiveCfg = Debug|Any CPU
		{702E5238-48B2-41B1-8DF6-10986B03A7B1}.Debug|x86.Build.0 = Debug|Any CPU
		{702E5238-48B2-41B1-8DF6-10986B03A7B1}.Release|Any CPU.ActiveCfg = Release|Any CPU
		{702E5238-48B2-41B1-8DF6-10986B03A7B1}.Release|Any CPU.Build.0 = Release|Any CPU
		{702E5238-48B2-41B1-8DF6-10986B03A7B1}.Release|x64.ActiveCfg = Release|Any CPU
		{702E5238-48B2-41B1-8DF6-10986B03A7B1}.Release|x64.Build.0 = Release|Any CPU
		{702E5238-48B2-41B1-8DF6-10986B03A7B1}.Release|x86.ActiveCfg = Release|Any CPU
		{702E5238-48B2-41B1-8DF6-10986B03A7B1}.Release|x86.Build.0 = Release|Any CPU
		{EC24F9D7-5830-4104-9BB9-FA8430213E3D}.Debug|Any CPU.ActiveCfg = Debug|Any CPU
		{EC24F9D7-5830-4104-9BB9-FA8430213E3D}.Debug|Any CPU.Build.0 = Debug|Any CPU
		{EC24F9D7-5830-4104-9BB9-FA8430213E3D}.Debug|x64.ActiveCfg = Debug|Any CPU
		{EC24F9D7-5830-4104-9BB9-FA8430213E3D}.Debug|x64.Build.0 = Debug|Any CPU
		{EC24F9D7-5830-4104-9BB9-FA8430213E3D}.Debug|x86.ActiveCfg = Debug|Any CPU
		{EC24F9D7-5830-4104-9BB9-FA8430213E3D}.Debug|x86.Build.0 = Debug|Any CPU
		{EC24F9D7-5830-4104-9BB9-FA8430213E3D}.Release|Any CPU.ActiveCfg = Release|Any CPU
		{EC24F9D7-5830-4104-9BB9-FA8430213E3D}.Release|Any CPU.Build.0 = Release|Any CPU
		{EC24F9D7-5830-4104-9BB9-FA8430213E3D}.Release|x64.ActiveCfg = Release|Any CPU
		{EC24F9D7-5830-4104-9BB9-FA8430213E3D}.Release|x64.Build.0 = Release|Any CPU
		{EC24F9D7-5830-4104-9BB9-FA8430213E3D}.Release|x86.ActiveCfg = Release|Any CPU
		{EC24F9D7-5830-4104-9BB9-FA8430213E3D}.Release|x86.Build.0 = Release|Any CPU
		{51BC77CB-9D4C-4C3D-8807-1E5483F1DB8A}.Debug|Any CPU.ActiveCfg = Debug|Any CPU
		{51BC77CB-9D4C-4C3D-8807-1E5483F1DB8A}.Debug|Any CPU.Build.0 = Debug|Any CPU
		{51BC77CB-9D4C-4C3D-8807-1E5483F1DB8A}.Debug|x64.ActiveCfg = Debug|Any CPU
		{51BC77CB-9D4C-4C3D-8807-1E5483F1DB8A}.Debug|x64.Build.0 = Debug|Any CPU
		{51BC77CB-9D4C-4C3D-8807-1E5483F1DB8A}.Debug|x86.ActiveCfg = Debug|Any CPU
		{51BC77CB-9D4C-4C3D-8807-1E5483F1DB8A}.Debug|x86.Build.0 = Debug|Any CPU
		{51BC77CB-9D4C-4C3D-8807-1E5483F1DB8A}.Release|Any CPU.ActiveCfg = Release|Any CPU
		{51BC77CB-9D4C-4C3D-8807-1E5483F1DB8A}.Release|Any CPU.Build.0 = Release|Any CPU
		{51BC77CB-9D4C-4C3D-8807-1E5483F1DB8A}.Release|x64.ActiveCfg = Release|Any CPU
		{51BC77CB-9D4C-4C3D-8807-1E5483F1DB8A}.Release|x64.Build.0 = Release|Any CPU
		{51BC77CB-9D4C-4C3D-8807-1E5483F1DB8A}.Release|x86.ActiveCfg = Release|Any CPU
		{51BC77CB-9D4C-4C3D-8807-1E5483F1DB8A}.Release|x86.Build.0 = Release|Any CPU
		{616CA6C8-F773-4B6E-B809-CE72CFD284A3}.Debug|Any CPU.ActiveCfg = Debug|Any CPU
		{616CA6C8-F773-4B6E-B809-CE72CFD284A3}.Debug|Any CPU.Build.0 = Debug|Any CPU
		{616CA6C8-F773-4B6E-B809-CE72CFD284A3}.Debug|x64.ActiveCfg = Debug|Any CPU
		{616CA6C8-F773-4B6E-B809-CE72CFD284A3}.Debug|x64.Build.0 = Debug|Any CPU
		{616CA6C8-F773-4B6E-B809-CE72CFD284A3}.Debug|x86.ActiveCfg = Debug|Any CPU
		{616CA6C8-F773-4B6E-B809-CE72CFD284A3}.Debug|x86.Build.0 = Debug|Any CPU
		{616CA6C8-F773-4B6E-B809-CE72CFD284A3}.Release|Any CPU.ActiveCfg = Release|Any CPU
		{616CA6C8-F773-4B6E-B809-CE72CFD284A3}.Release|Any CPU.Build.0 = Release|Any CPU
		{616CA6C8-F773-4B6E-B809-CE72CFD284A3}.Release|x64.ActiveCfg = Release|Any CPU
		{616CA6C8-F773-4B6E-B809-CE72CFD284A3}.Release|x64.Build.0 = Release|Any CPU
		{616CA6C8-F773-4B6E-B809-CE72CFD284A3}.Release|x86.ActiveCfg = Release|Any CPU
		{616CA6C8-F773-4B6E-B809-CE72CFD284A3}.Release|x86.Build.0 = Release|Any CPU
		{4D6B274D-BBCF-4B49-AD27-48C39773B2BB}.Debug|Any CPU.ActiveCfg = Debug|Any CPU
		{4D6B274D-BBCF-4B49-AD27-48C39773B2BB}.Debug|Any CPU.Build.0 = Debug|Any CPU
		{4D6B274D-BBCF-4B49-AD27-48C39773B2BB}.Debug|x64.ActiveCfg = Debug|Any CPU
		{4D6B274D-BBCF-4B49-AD27-48C39773B2BB}.Debug|x64.Build.0 = Debug|Any CPU
		{4D6B274D-BBCF-4B49-AD27-48C39773B2BB}.Debug|x86.ActiveCfg = Debug|Any CPU
		{4D6B274D-BBCF-4B49-AD27-48C39773B2BB}.Debug|x86.Build.0 = Debug|Any CPU
		{4D6B274D-BBCF-4B49-AD27-48C39773B2BB}.Release|Any CPU.ActiveCfg = Release|Any CPU
		{4D6B274D-BBCF-4B49-AD27-48C39773B2BB}.Release|Any CPU.Build.0 = Release|Any CPU
		{4D6B274D-BBCF-4B49-AD27-48C39773B2BB}.Release|x64.ActiveCfg = Release|Any CPU
		{4D6B274D-BBCF-4B49-AD27-48C39773B2BB}.Release|x64.Build.0 = Release|Any CPU
		{4D6B274D-BBCF-4B49-AD27-48C39773B2BB}.Release|x86.ActiveCfg = Release|Any CPU
		{4D6B274D-BBCF-4B49-AD27-48C39773B2BB}.Release|x86.Build.0 = Release|Any CPU
		{12DADF4D-44B1-4661-B646-B8B0F2317B00}.Debug|Any CPU.ActiveCfg = Debug|Any CPU
		{12DADF4D-44B1-4661-B646-B8B0F2317B00}.Debug|Any CPU.Build.0 = Debug|Any CPU
		{12DADF4D-44B1-4661-B646-B8B0F2317B00}.Debug|x64.ActiveCfg = Debug|Any CPU
		{12DADF4D-44B1-4661-B646-B8B0F2317B00}.Debug|x64.Build.0 = Debug|Any CPU
		{12DADF4D-44B1-4661-B646-B8B0F2317B00}.Debug|x86.ActiveCfg = Debug|Any CPU
		{12DADF4D-44B1-4661-B646-B8B0F2317B00}.Debug|x86.Build.0 = Debug|Any CPU
		{12DADF4D-44B1-4661-B646-B8B0F2317B00}.Release|Any CPU.ActiveCfg = Release|Any CPU
		{12DADF4D-44B1-4661-B646-B8B0F2317B00}.Release|Any CPU.Build.0 = Release|Any CPU
		{12DADF4D-44B1-4661-B646-B8B0F2317B00}.Release|x64.ActiveCfg = Release|Any CPU
		{12DADF4D-44B1-4661-B646-B8B0F2317B00}.Release|x64.Build.0 = Release|Any CPU
		{12DADF4D-44B1-4661-B646-B8B0F2317B00}.Release|x86.ActiveCfg = Release|Any CPU
		{12DADF4D-44B1-4661-B646-B8B0F2317B00}.Release|x86.Build.0 = Release|Any CPU
		{D10C9AC1-3A27-47BE-9E08-952441E9E5A7}.Debug|Any CPU.ActiveCfg = Debug|Any CPU
		{D10C9AC1-3A27-47BE-9E08-952441E9E5A7}.Debug|Any CPU.Build.0 = Debug|Any CPU
		{D10C9AC1-3A27-47BE-9E08-952441E9E5A7}.Debug|x64.ActiveCfg = Debug|Any CPU
		{D10C9AC1-3A27-47BE-9E08-952441E9E5A7}.Debug|x64.Build.0 = Debug|Any CPU
		{D10C9AC1-3A27-47BE-9E08-952441E9E5A7}.Debug|x86.ActiveCfg = Debug|Any CPU
		{D10C9AC1-3A27-47BE-9E08-952441E9E5A7}.Debug|x86.Build.0 = Debug|Any CPU
		{D10C9AC1-3A27-47BE-9E08-952441E9E5A7}.Release|Any CPU.ActiveCfg = Release|Any CPU
		{D10C9AC1-3A27-47BE-9E08-952441E9E5A7}.Release|Any CPU.Build.0 = Release|Any CPU
		{D10C9AC1-3A27-47BE-9E08-952441E9E5A7}.Release|x64.ActiveCfg = Release|Any CPU
		{D10C9AC1-3A27-47BE-9E08-952441E9E5A7}.Release|x64.Build.0 = Release|Any CPU
		{D10C9AC1-3A27-47BE-9E08-952441E9E5A7}.Release|x86.ActiveCfg = Release|Any CPU
		{D10C9AC1-3A27-47BE-9E08-952441E9E5A7}.Release|x86.Build.0 = Release|Any CPU
		{6CA25A4D-9CA5-403C-8FBA-C1313DEE29A4}.Debug|Any CPU.ActiveCfg = Debug|Any CPU
		{6CA25A4D-9CA5-403C-8FBA-C1313DEE29A4}.Debug|Any CPU.Build.0 = Debug|Any CPU
		{6CA25A4D-9CA5-403C-8FBA-C1313DEE29A4}.Debug|x64.ActiveCfg = Debug|Any CPU
		{6CA25A4D-9CA5-403C-8FBA-C1313DEE29A4}.Debug|x64.Build.0 = Debug|Any CPU
		{6CA25A4D-9CA5-403C-8FBA-C1313DEE29A4}.Debug|x86.ActiveCfg = Debug|Any CPU
		{6CA25A4D-9CA5-403C-8FBA-C1313DEE29A4}.Debug|x86.Build.0 = Debug|Any CPU
		{6CA25A4D-9CA5-403C-8FBA-C1313DEE29A4}.Release|Any CPU.ActiveCfg = Release|Any CPU
		{6CA25A4D-9CA5-403C-8FBA-C1313DEE29A4}.Release|Any CPU.Build.0 = Release|Any CPU
		{6CA25A4D-9CA5-403C-8FBA-C1313DEE29A4}.Release|x64.ActiveCfg = Release|Any CPU
		{6CA25A4D-9CA5-403C-8FBA-C1313DEE29A4}.Release|x64.Build.0 = Release|Any CPU
		{6CA25A4D-9CA5-403C-8FBA-C1313DEE29A4}.Release|x86.ActiveCfg = Release|Any CPU
		{6CA25A4D-9CA5-403C-8FBA-C1313DEE29A4}.Release|x86.Build.0 = Release|Any CPU
		{80676D75-52F6-4D96-9C02-F352FD997E17}.Debug|Any CPU.ActiveCfg = Debug|Any CPU
		{80676D75-52F6-4D96-9C02-F352FD997E17}.Debug|Any CPU.Build.0 = Debug|Any CPU
		{80676D75-52F6-4D96-9C02-F352FD997E17}.Debug|x64.ActiveCfg = Debug|Any CPU
		{80676D75-52F6-4D96-9C02-F352FD997E17}.Debug|x64.Build.0 = Debug|Any CPU
		{80676D75-52F6-4D96-9C02-F352FD997E17}.Debug|x86.ActiveCfg = Debug|Any CPU
		{80676D75-52F6-4D96-9C02-F352FD997E17}.Debug|x86.Build.0 = Debug|Any CPU
		{80676D75-52F6-4D96-9C02-F352FD997E17}.Release|Any CPU.ActiveCfg = Release|Any CPU
		{80676D75-52F6-4D96-9C02-F352FD997E17}.Release|Any CPU.Build.0 = Release|Any CPU
		{80676D75-52F6-4D96-9C02-F352FD997E17}.Release|x64.ActiveCfg = Release|Any CPU
		{80676D75-52F6-4D96-9C02-F352FD997E17}.Release|x64.Build.0 = Release|Any CPU
		{80676D75-52F6-4D96-9C02-F352FD997E17}.Release|x86.ActiveCfg = Release|Any CPU
		{80676D75-52F6-4D96-9C02-F352FD997E17}.Release|x86.Build.0 = Release|Any CPU
		{77AED71D-1535-4E6A-A672-0D69C3789BDC}.Debug|Any CPU.ActiveCfg = Debug|Any CPU
		{77AED71D-1535-4E6A-A672-0D69C3789BDC}.Debug|Any CPU.Build.0 = Debug|Any CPU
		{77AED71D-1535-4E6A-A672-0D69C3789BDC}.Debug|x64.ActiveCfg = Debug|Any CPU
		{77AED71D-1535-4E6A-A672-0D69C3789BDC}.Debug|x64.Build.0 = Debug|Any CPU
		{77AED71D-1535-4E6A-A672-0D69C3789BDC}.Debug|x86.ActiveCfg = Debug|Any CPU
		{77AED71D-1535-4E6A-A672-0D69C3789BDC}.Debug|x86.Build.0 = Debug|Any CPU
		{77AED71D-1535-4E6A-A672-0D69C3789BDC}.Release|Any CPU.ActiveCfg = Release|Any CPU
		{77AED71D-1535-4E6A-A672-0D69C3789BDC}.Release|Any CPU.Build.0 = Release|Any CPU
		{77AED71D-1535-4E6A-A672-0D69C3789BDC}.Release|x64.ActiveCfg = Release|Any CPU
		{77AED71D-1535-4E6A-A672-0D69C3789BDC}.Release|x64.Build.0 = Release|Any CPU
		{77AED71D-1535-4E6A-A672-0D69C3789BDC}.Release|x86.ActiveCfg = Release|Any CPU
		{77AED71D-1535-4E6A-A672-0D69C3789BDC}.Release|x86.Build.0 = Release|Any CPU
		{2F76290D-9A90-471A-8B09-D90367AC0F18}.Debug|Any CPU.ActiveCfg = Debug|Any CPU
		{2F76290D-9A90-471A-8B09-D90367AC0F18}.Debug|Any CPU.Build.0 = Debug|Any CPU
		{2F76290D-9A90-471A-8B09-D90367AC0F18}.Debug|x64.ActiveCfg = Debug|Any CPU
		{2F76290D-9A90-471A-8B09-D90367AC0F18}.Debug|x64.Build.0 = Debug|Any CPU
		{2F76290D-9A90-471A-8B09-D90367AC0F18}.Debug|x86.ActiveCfg = Debug|Any CPU
		{2F76290D-9A90-471A-8B09-D90367AC0F18}.Debug|x86.Build.0 = Debug|Any CPU
		{2F76290D-9A90-471A-8B09-D90367AC0F18}.Release|Any CPU.ActiveCfg = Release|Any CPU
		{2F76290D-9A90-471A-8B09-D90367AC0F18}.Release|Any CPU.Build.0 = Release|Any CPU
		{2F76290D-9A90-471A-8B09-D90367AC0F18}.Release|x64.ActiveCfg = Release|Any CPU
		{2F76290D-9A90-471A-8B09-D90367AC0F18}.Release|x64.Build.0 = Release|Any CPU
		{2F76290D-9A90-471A-8B09-D90367AC0F18}.Release|x86.ActiveCfg = Release|Any CPU
		{2F76290D-9A90-471A-8B09-D90367AC0F18}.Release|x86.Build.0 = Release|Any CPU
	EndGlobalSection
EndGlobal
