
Microsoft Visual Studio Solution File, Format Version 12.00
# Visual Studio 15
VisualStudioVersion = 15.0.26124.0
MinimumVisualStudioVersion = 15.0.26124.0
Project("{F2A71F9B-5D33-465A-A702-920D77279786}") = "ArmstrongNumbers", "armstrong-numbers\ArmstrongNumbers.fsproj", "{7DF2601E-EEF9-4309-963F-675E71AD32F9}"
EndProject
Project("{F2A71F9B-5D33-465A-A702-920D77279786}") = "BinarySearch", "binary-search\BinarySearch.fsproj", "{A67E6638-2995-403D-AEAA-21DEE790D750}"
EndProject
Project("{F2A71F9B-5D33-465A-A702-920D77279786}") = "Bob", "bob\Bob.fsproj", "{3118938A-59FE-4B61-9B54-3E3C1E1ED784}"
EndProject
Project("{F2A71F9B-5D33-465A-A702-920D77279786}") = "CollatzConjecture", "collatz-conjecture\CollatzConjecture.fsproj", "{B7AEF3B3-5D35-467E-BEEB-F58B8F0F0A51}"
EndProject
Project("{F2A71F9B-5D33-465A-A702-920D77279786}") = "Darts", "darts\Darts.fsproj", "{28936589-E2C4-4364-B1F8-F55426B2A928}"
EndProject
Project("{F2A71F9B-5D33-465A-A702-920D77279786}") = "Grains", "grains\Grains.fsproj", "{37EEE796-F153-49C4-B5D0-83D7E6649968}"
EndProject
Project("{F2A71F9B-5D33-465A-A702-920D77279786}") = "Hamming", "hamming\Hamming.fsproj", "{EA494495-AD53-47AF-8313-742474A81D5B}"
EndProject
Project("{F2A71F9B-5D33-465A-A702-920D77279786}") = "HelloWorld", "hello-world\HelloWorld.fsproj", "{305D322C-A42C-4965-A37E-582F5FABCE50}"
EndProject
Project("{F2A71F9B-5D33-465A-A702-920D77279786}") = "HighScores", "high-scores\HighScores.fsproj", "{34D5A896-9A7F-4A8B-BA2F-6AF9F4139EC1}"
EndProject
Project("{F2A71F9B-5D33-465A-A702-920D77279786}") = "Isogram", "isogram\Isogram.fsproj", "{EEF8F327-5010-48AE-B13F-CA978BE67722}"
EndProject
Project("{F2A71F9B-5D33-465A-A702-920D77279786}") = "Leap", "leap\Leap.fsproj", "{7F20A6A6-0205-4F04-964A-6E6FA30EF6D1}"
EndProject
Project("{F2A71F9B-5D33-465A-A702-920D77279786}") = "Pangram", "pangram\Pangram.fsproj", "{AC1332FD-9069-44A3-BD7C-D787280F3C1A}"
EndProject
Project("{F2A71F9B-5D33-465A-A702-920D77279786}") = "Proverb", "proverb\Proverb.fsproj", "{5E4EC9A7-2492-4F3E-AE04-C87AC69153DE}"
EndProject
Project("{F2A71F9B-5D33-465A-A702-920D77279786}") = "Raindrops", "raindrops\Raindrops.fsproj", "{54ED3856-5D80-4438-BED5-4CA02839DC7C}"
EndProject
Project("{F2A71F9B-5D33-465A-A702-920D77279786}") = "RobotName", "robot-name\RobotName.fsproj", "{1AF3A735-D4C3-48E1-B108-E2C049F89B8E}"
EndProject
Project("{F2A71F9B-5D33-465A-A702-920D77279786}") = "SpaceAge", "space-age\SpaceAge.fsproj", "{3BBF675D-2A76-417A-971C-5DE009911EEC}"
EndProject
Project("{F2A71F9B-5D33-465A-A702-920D77279786}") = "SumOfMultiples", "sum-of-multiples\SumOfMultiples.fsproj", "{F2EEE677-0A65-4CA7-AC21-7A9D8E5C6E35}"
EndProject
Project("{F2A71F9B-5D33-465A-A702-920D77279786}") = "Triangle", "triangle\Triangle.fsproj", "{32CA23D6-8139-47BB-B287-D85406C26E19}"
EndProject
Project("{F2A71F9B-5D33-465A-A702-920D77279786}") = "TwoFer", "two-fer\TwoFer.fsproj", "{DDA92B29-5E95-4E8D-BA63-39EC97C9F398}"
EndProject
Global
	GlobalSection(SolutionConfigurationPlatforms) = preSolution
		Debug|Any CPU = Debug|Any CPU
		Debug|x64 = Debug|x64
		Debug|x86 = Debug|x86
		Release|Any CPU = Release|Any CPU
		Release|x64 = Release|x64
		Release|x86 = Release|x86
	EndGlobalSection
	GlobalSection(SolutionProperties) = preSolution
		HideSolutionNode = FALSE
	EndGlobalSection
	GlobalSection(ProjectConfigurationPlatforms) = postSolution
		{7DF2601E-EEF9-4309-963F-675E71AD32F9}.Debug|Any CPU.ActiveCfg = Debug|Any CPU
		{7DF2601E-EEF9-4309-963F-675E71AD32F9}.Debug|Any CPU.Build.0 = Debug|Any CPU
		{7DF2601E-EEF9-4309-963F-675E71AD32F9}.Debug|x64.ActiveCfg = Debug|Any CPU
		{7DF2601E-EEF9-4309-963F-675E71AD32F9}.Debug|x64.Build.0 = Debug|Any CPU
		{7DF2601E-EEF9-4309-963F-675E71AD32F9}.Debug|x86.ActiveCfg = Debug|Any CPU
		{7DF2601E-EEF9-4309-963F-675E71AD32F9}.Debug|x86.Build.0 = Debug|Any CPU
		{7DF2601E-EEF9-4309-963F-675E71AD32F9}.Release|Any CPU.ActiveCfg = Release|Any CPU
		{7DF2601E-EEF9-4309-963F-675E71AD32F9}.Release|Any CPU.Build.0 = Release|Any CPU
		{7DF2601E-EEF9-4309-963F-675E71AD32F9}.Release|x64.ActiveCfg = Release|Any CPU
		{7DF2601E-EEF9-4309-963F-675E71AD32F9}.Release|x64.Build.0 = Release|Any CPU
		{7DF2601E-EEF9-4309-963F-675E71AD32F9}.Release|x86.ActiveCfg = Release|Any CPU
		{7DF2601E-EEF9-4309-963F-675E71AD32F9}.Release|x86.Build.0 = Release|Any CPU
		{A67E6638-2995-403D-AEAA-21DEE790D750}.Debug|Any CPU.ActiveCfg = Debug|Any CPU
		{A67E6638-2995-403D-AEAA-21DEE790D750}.Debug|Any CPU.Build.0 = Debug|Any CPU
		{A67E6638-2995-403D-AEAA-21DEE790D750}.Debug|x64.ActiveCfg = Debug|Any CPU
		{A67E6638-2995-403D-AEAA-21DEE790D750}.Debug|x64.Build.0 = Debug|Any CPU
		{A67E6638-2995-403D-AEAA-21DEE790D750}.Debug|x86.ActiveCfg = Debug|Any CPU
		{A67E6638-2995-403D-AEAA-21DEE790D750}.Debug|x86.Build.0 = Debug|Any CPU
		{A67E6638-2995-403D-AEAA-21DEE790D750}.Release|Any CPU.ActiveCfg = Release|Any CPU
		{A67E6638-2995-403D-AEAA-21DEE790D750}.Release|Any CPU.Build.0 = Release|Any CPU
		{A67E6638-2995-403D-AEAA-21DEE790D750}.Release|x64.ActiveCfg = Release|Any CPU
		{A67E6638-2995-403D-AEAA-21DEE790D750}.Release|x64.Build.0 = Release|Any CPU
		{A67E6638-2995-403D-AEAA-21DEE790D750}.Release|x86.ActiveCfg = Release|Any CPU
		{A67E6638-2995-403D-AEAA-21DEE790D750}.Release|x86.Build.0 = Release|Any CPU
		{3118938A-59FE-4B61-9B54-3E3C1E1ED784}.Debug|Any CPU.ActiveCfg = Debug|Any CPU
		{3118938A-59FE-4B61-9B54-3E3C1E1ED784}.Debug|Any CPU.Build.0 = Debug|Any CPU
		{3118938A-59FE-4B61-9B54-3E3C1E1ED784}.Debug|x64.ActiveCfg = Debug|Any CPU
		{3118938A-59FE-4B61-9B54-3E3C1E1ED784}.Debug|x64.Build.0 = Debug|Any CPU
		{3118938A-59FE-4B61-9B54-3E3C1E1ED784}.Debug|x86.ActiveCfg = Debug|Any CPU
		{3118938A-59FE-4B61-9B54-3E3C1E1ED784}.Debug|x86.Build.0 = Debug|Any CPU
		{3118938A-59FE-4B61-9B54-3E3C1E1ED784}.Release|Any CPU.ActiveCfg = Release|Any CPU
		{3118938A-59FE-4B61-9B54-3E3C1E1ED784}.Release|Any CPU.Build.0 = Release|Any CPU
		{3118938A-59FE-4B61-9B54-3E3C1E1ED784}.Release|x64.ActiveCfg = Release|Any CPU
		{3118938A-59FE-4B61-9B54-3E3C1E1ED784}.Release|x64.Build.0 = Release|Any CPU
		{3118938A-59FE-4B61-9B54-3E3C1E1ED784}.Release|x86.ActiveCfg = Release|Any CPU
		{3118938A-59FE-4B61-9B54-3E3C1E1ED784}.Release|x86.Build.0 = Release|Any CPU
		{B7AEF3B3-5D35-467E-BEEB-F58B8F0F0A51}.Debug|Any CPU.ActiveCfg = Debug|Any CPU
		{B7AEF3B3-5D35-467E-BEEB-F58B8F0F0A51}.Debug|Any CPU.Build.0 = Debug|Any CPU
		{B7AEF3B3-5D35-467E-BEEB-F58B8F0F0A51}.Debug|x64.ActiveCfg = Debug|Any CPU
		{B7AEF3B3-5D35-467E-BEEB-F58B8F0F0A51}.Debug|x64.Build.0 = Debug|Any CPU
		{B7AEF3B3-5D35-467E-BEEB-F58B8F0F0A51}.Debug|x86.ActiveCfg = Debug|Any CPU
		{B7AEF3B3-5D35-467E-BEEB-F58B8F0F0A51}.Debug|x86.Build.0 = Debug|Any CPU
		{B7AEF3B3-5D35-467E-BEEB-F58B8F0F0A51}.Release|Any CPU.ActiveCfg = Release|Any CPU
		{B7AEF3B3-5D35-467E-BEEB-F58B8F0F0A51}.Release|Any CPU.Build.0 = Release|Any CPU
		{B7AEF3B3-5D35-467E-BEEB-F58B8F0F0A51}.Release|x64.ActiveCfg = Release|Any CPU
		{B7AEF3B3-5D35-467E-BEEB-F58B8F0F0A51}.Release|x64.Build.0 = Release|Any CPU
		{B7AEF3B3-5D35-467E-BEEB-F58B8F0F0A51}.Release|x86.ActiveCfg = Release|Any CPU
		{B7AEF3B3-5D35-467E-BEEB-F58B8F0F0A51}.Release|x86.Build.0 = Release|Any CPU
		{28936589-E2C4-4364-B1F8-F55426B2A928}.Debug|Any CPU.ActiveCfg = Debug|Any CPU
		{28936589-E2C4-4364-B1F8-F55426B2A928}.Debug|Any CPU.Build.0 = Debug|Any CPU
		{28936589-E2C4-4364-B1F8-F55426B2A928}.Debug|x64.ActiveCfg = Debug|Any CPU
		{28936589-E2C4-4364-B1F8-F55426B2A928}.Debug|x64.Build.0 = Debug|Any CPU
		{28936589-E2C4-4364-B1F8-F55426B2A928}.Debug|x86.ActiveCfg = Debug|Any CPU
		{28936589-E2C4-4364-B1F8-F55426B2A928}.Debug|x86.Build.0 = Debug|Any CPU
		{28936589-E2C4-4364-B1F8-F55426B2A928}.Release|Any CPU.ActiveCfg = Release|Any CPU
		{28936589-E2C4-4364-B1F8-F55426B2A928}.Release|Any CPU.Build.0 = Release|Any CPU
		{28936589-E2C4-4364-B1F8-F55426B2A928}.Release|x64.ActiveCfg = Release|Any CPU
		{28936589-E2C4-4364-B1F8-F55426B2A928}.Release|x64.Build.0 = Release|Any CPU
		{28936589-E2C4-4364-B1F8-F55426B2A928}.Release|x86.ActiveCfg = Release|Any CPU
		{28936589-E2C4-4364-B1F8-F55426B2A928}.Release|x86.Build.0 = Release|Any CPU
		{37EEE796-F153-49C4-B5D0-83D7E6649968}.Debug|Any CPU.ActiveCfg = Debug|Any CPU
		{37EEE796-F153-49C4-B5D0-83D7E6649968}.Debug|Any CPU.Build.0 = Debug|Any CPU
		{37EEE796-F153-49C4-B5D0-83D7E6649968}.Debug|x64.ActiveCfg = Debug|Any CPU
		{37EEE796-F153-49C4-B5D0-83D7E6649968}.Debug|x64.Build.0 = Debug|Any CPU
		{37EEE796-F153-49C4-B5D0-83D7E6649968}.Debug|x86.ActiveCfg = Debug|Any CPU
		{37EEE796-F153-49C4-B5D0-83D7E6649968}.Debug|x86.Build.0 = Debug|Any CPU
		{37EEE796-F153-49C4-B5D0-83D7E6649968}.Release|Any CPU.ActiveCfg = Release|Any CPU
		{37EEE796-F153-49C4-B5D0-83D7E6649968}.Release|Any CPU.Build.0 = Release|Any CPU
		{37EEE796-F153-49C4-B5D0-83D7E6649968}.Release|x64.ActiveCfg = Release|Any CPU
		{37EEE796-F153-49C4-B5D0-83D7E6649968}.Release|x64.Build.0 = Release|Any CPU
		{37EEE796-F153-49C4-B5D0-83D7E6649968}.Release|x86.ActiveCfg = Release|Any CPU
		{37EEE796-F153-49C4-B5D0-83D7E6649968}.Release|x86.Build.0 = Release|Any CPU
		{EA494495-AD53-47AF-8313-742474A81D5B}.Debug|Any CPU.ActiveCfg = Debug|Any CPU
		{EA494495-AD53-47AF-8313-742474A81D5B}.Debug|Any CPU.Build.0 = Debug|Any CPU
		{EA494495-AD53-47AF-8313-742474A81D5B}.Debug|x64.ActiveCfg = Debug|Any CPU
		{EA494495-AD53-47AF-8313-742474A81D5B}.Debug|x64.Build.0 = Debug|Any CPU
		{EA494495-AD53-47AF-8313-742474A81D5B}.Debug|x86.ActiveCfg = Debug|Any CPU
		{EA494495-AD53-47AF-8313-742474A81D5B}.Debug|x86.Build.0 = Debug|Any CPU
		{EA494495-AD53-47AF-8313-742474A81D5B}.Release|Any CPU.ActiveCfg = Release|Any CPU
		{EA494495-AD53-47AF-8313-742474A81D5B}.Release|Any CPU.Build.0 = Release|Any CPU
		{EA494495-AD53-47AF-8313-742474A81D5B}.Release|x64.ActiveCfg = Release|Any CPU
		{EA494495-AD53-47AF-8313-742474A81D5B}.Release|x64.Build.0 = Release|Any CPU
		{EA494495-AD53-47AF-8313-742474A81D5B}.Release|x86.ActiveCfg = Release|Any CPU
		{EA494495-AD53-47AF-8313-742474A81D5B}.Release|x86.Build.0 = Release|Any CPU
		{305D322C-A42C-4965-A37E-582F5FABCE50}.Debug|Any CPU.ActiveCfg = Debug|Any CPU
		{305D322C-A42C-4965-A37E-582F5FABCE50}.Debug|Any CPU.Build.0 = Debug|Any CPU
		{305D322C-A42C-4965-A37E-582F5FABCE50}.Debug|x64.ActiveCfg = Debug|Any CPU
		{305D322C-A42C-4965-A37E-582F5FABCE50}.Debug|x64.Build.0 = Debug|Any CPU
		{305D322C-A42C-4965-A37E-582F5FABCE50}.Debug|x86.ActiveCfg = Debug|Any CPU
		{305D322C-A42C-4965-A37E-582F5FABCE50}.Debug|x86.Build.0 = Debug|Any CPU
		{305D322C-A42C-4965-A37E-582F5FABCE50}.Release|Any CPU.ActiveCfg = Release|Any CPU
		{305D322C-A42C-4965-A37E-582F5FABCE50}.Release|Any CPU.Build.0 = Release|Any CPU
		{305D322C-A42C-4965-A37E-582F5FABCE50}.Release|x64.ActiveCfg = Release|Any CPU
		{305D322C-A42C-4965-A37E-582F5FABCE50}.Release|x64.Build.0 = Release|Any CPU
		{305D322C-A42C-4965-A37E-582F5FABCE50}.Release|x86.ActiveCfg = Release|Any CPU
		{305D322C-A42C-4965-A37E-582F5FABCE50}.Release|x86.Build.0 = Release|Any CPU
		{34D5A896-9A7F-4A8B-BA2F-6AF9F4139EC1}.Debug|Any CPU.ActiveCfg = Debug|Any CPU
		{34D5A896-9A7F-4A8B-BA2F-6AF9F4139EC1}.Debug|Any CPU.Build.0 = Debug|Any CPU
		{34D5A896-9A7F-4A8B-BA2F-6AF9F4139EC1}.Debug|x64.ActiveCfg = Debug|Any CPU
		{34D5A896-9A7F-4A8B-BA2F-6AF9F4139EC1}.Debug|x64.Build.0 = Debug|Any CPU
		{34D5A896-9A7F-4A8B-BA2F-6AF9F4139EC1}.Debug|x86.ActiveCfg = Debug|Any CPU
		{34D5A896-9A7F-4A8B-BA2F-6AF9F4139EC1}.Debug|x86.Build.0 = Debug|Any CPU
		{34D5A896-9A7F-4A8B-BA2F-6AF9F4139EC1}.Release|Any CPU.ActiveCfg = Release|Any CPU
		{34D5A896-9A7F-4A8B-BA2F-6AF9F4139EC1}.Release|Any CPU.Build.0 = Release|Any CPU
		{34D5A896-9A7F-4A8B-BA2F-6AF9F4139EC1}.Release|x64.ActiveCfg = Release|Any CPU
		{34D5A896-9A7F-4A8B-BA2F-6AF9F4139EC1}.Release|x64.Build.0 = Release|Any CPU
		{34D5A896-9A7F-4A8B-BA2F-6AF9F4139EC1}.Release|x86.ActiveCfg = Release|Any CPU
		{34D5A896-9A7F-4A8B-BA2F-6AF9F4139EC1}.Release|x86.Build.0 = Release|Any CPU
		{EEF8F327-5010-48AE-B13F-CA978BE67722}.Debug|Any CPU.ActiveCfg = Debug|Any CPU
		{EEF8F327-5010-48AE-B13F-CA978BE67722}.Debug|Any CPU.Build.0 = Debug|Any CPU
		{EEF8F327-5010-48AE-B13F-CA978BE67722}.Debug|x64.ActiveCfg = Debug|Any CPU
		{EEF8F327-5010-48AE-B13F-CA978BE67722}.Debug|x64.Build.0 = Debug|Any CPU
		{EEF8F327-5010-48AE-B13F-CA978BE67722}.Debug|x86.ActiveCfg = Debug|Any CPU
		{EEF8F327-5010-48AE-B13F-CA978BE67722}.Debug|x86.Build.0 = Debug|Any CPU
		{EEF8F327-5010-48AE-B13F-CA978BE67722}.Release|Any CPU.ActiveCfg = Release|Any CPU
		{EEF8F327-5010-48AE-B13F-CA978BE67722}.Release|Any CPU.Build.0 = Release|Any CPU
		{EEF8F327-5010-48AE-B13F-CA978BE67722}.Release|x64.ActiveCfg = Release|Any CPU
		{EEF8F327-5010-48AE-B13F-CA978BE67722}.Release|x64.Build.0 = Release|Any CPU
		{EEF8F327-5010-48AE-B13F-CA978BE67722}.Release|x86.ActiveCfg = Release|Any CPU
		{EEF8F327-5010-48AE-B13F-CA978BE67722}.Release|x86.Build.0 = Release|Any CPU
		{7F20A6A6-0205-4F04-964A-6E6FA30EF6D1}.Debug|Any CPU.ActiveCfg = Debug|Any CPU
		{7F20A6A6-0205-4F04-964A-6E6FA30EF6D1}.Debug|Any CPU.Build.0 = Debug|Any CPU
		{7F20A6A6-0205-4F04-964A-6E6FA30EF6D1}.Debug|x64.ActiveCfg = Debug|Any CPU
		{7F20A6A6-0205-4F04-964A-6E6FA30EF6D1}.Debug|x64.Build.0 = Debug|Any CPU
		{7F20A6A6-0205-4F04-964A-6E6FA30EF6D1}.Debug|x86.ActiveCfg = Debug|Any CPU
		{7F20A6A6-0205-4F04-964A-6E6FA30EF6D1}.Debug|x86.Build.0 = Debug|Any CPU
		{7F20A6A6-0205-4F04-964A-6E6FA30EF6D1}.Release|Any CPU.ActiveCfg = Release|Any CPU
		{7F20A6A6-0205-4F04-964A-6E6FA30EF6D1}.Release|Any CPU.Build.0 = Release|Any CPU
		{7F20A6A6-0205-4F04-964A-6E6FA30EF6D1}.Release|x64.ActiveCfg = Release|Any CPU
		{7F20A6A6-0205-4F04-964A-6E6FA30EF6D1}.Release|x64.Build.0 = Release|Any CPU
		{7F20A6A6-0205-4F04-964A-6E6FA30EF6D1}.Release|x86.ActiveCfg = Release|Any CPU
		{7F20A6A6-0205-4F04-964A-6E6FA30EF6D1}.Release|x86.Build.0 = Release|Any CPU
		{AC1332FD-9069-44A3-BD7C-D787280F3C1A}.Debug|Any CPU.ActiveCfg = Debug|Any CPU
		{AC1332FD-9069-44A3-BD7C-D787280F3C1A}.Debug|Any CPU.Build.0 = Debug|Any CPU
		{AC1332FD-9069-44A3-BD7C-D787280F3C1A}.Debug|x64.ActiveCfg = Debug|Any CPU
		{AC1332FD-9069-44A3-BD7C-D787280F3C1A}.Debug|x64.Build.0 = Debug|Any CPU
		{AC1332FD-9069-44A3-BD7C-D787280F3C1A}.Debug|x86.ActiveCfg = Debug|Any CPU
		{AC1332FD-9069-44A3-BD7C-D787280F3C1A}.Debug|x86.Build.0 = Debug|Any CPU
		{AC1332FD-9069-44A3-BD7C-D787280F3C1A}.Release|Any CPU.ActiveCfg = Release|Any CPU
		{AC1332FD-9069-44A3-BD7C-D787280F3C1A}.Release|Any CPU.Build.0 = Release|Any CPU
		{AC1332FD-9069-44A3-BD7C-D787280F3C1A}.Release|x64.ActiveCfg = Release|Any CPU
		{AC1332FD-9069-44A3-BD7C-D787280F3C1A}.Release|x64.Build.0 = Release|Any CPU
		{AC1332FD-9069-44A3-BD7C-D787280F3C1A}.Release|x86.ActiveCfg = Release|Any CPU
		{AC1332FD-9069-44A3-BD7C-D787280F3C1A}.Release|x86.Build.0 = Release|Any CPU
		{5E4EC9A7-2492-4F3E-AE04-C87AC69153DE}.Debug|Any CPU.ActiveCfg = Debug|Any CPU
		{5E4EC9A7-2492-4F3E-AE04-C87AC69153DE}.Debug|Any CPU.Build.0 = Debug|Any CPU
		{5E4EC9A7-2492-4F3E-AE04-C87AC69153DE}.Debug|x64.ActiveCfg = Debug|Any CPU
		{5E4EC9A7-2492-4F3E-AE04-C87AC69153DE}.Debug|x64.Build.0 = Debug|Any CPU
		{5E4EC9A7-2492-4F3E-AE04-C87AC69153DE}.Debug|x86.ActiveCfg = Debug|Any CPU
		{5E4EC9A7-2492-4F3E-AE04-C87AC69153DE}.Debug|x86.Build.0 = Debug|Any CPU
		{5E4EC9A7-2492-4F3E-AE04-C87AC69153DE}.Release|Any CPU.ActiveCfg = Release|Any CPU
		{5E4EC9A7-2492-4F3E-AE04-C87AC69153DE}.Release|Any CPU.Build.0 = Release|Any CPU
		{5E4EC9A7-2492-4F3E-AE04-C87AC69153DE}.Release|x64.ActiveCfg = Release|Any CPU
		{5E4EC9A7-2492-4F3E-AE04-C87AC69153DE}.Release|x64.Build.0 = Release|Any CPU
		{5E4EC9A7-2492-4F3E-AE04-C87AC69153DE}.Release|x86.ActiveCfg = Release|Any CPU
		{5E4EC9A7-2492-4F3E-AE04-C87AC69153DE}.Release|x86.Build.0 = Release|Any CPU
		{54ED3856-5D80-4438-BED5-4CA02839DC7C}.Debug|Any CPU.ActiveCfg = Debug|Any CPU
		{54ED3856-5D80-4438-BED5-4CA02839DC7C}.Debug|Any CPU.Build.0 = Debug|Any CPU
		{54ED3856-5D80-4438-BED5-4CA02839DC7C}.Debug|x64.ActiveCfg = Debug|Any CPU
		{54ED3856-5D80-4438-BED5-4CA02839DC7C}.Debug|x64.Build.0 = Debug|Any CPU
		{54ED3856-5D80-4438-BED5-4CA02839DC7C}.Debug|x86.ActiveCfg = Debug|Any CPU
		{54ED3856-5D80-4438-BED5-4CA02839DC7C}.Debug|x86.Build.0 = Debug|Any CPU
		{54ED3856-5D80-4438-BED5-4CA02839DC7C}.Release|Any CPU.ActiveCfg = Release|Any CPU
		{54ED3856-5D80-4438-BED5-4CA02839DC7C}.Release|Any CPU.Build.0 = Release|Any CPU
		{54ED3856-5D80-4438-BED5-4CA02839DC7C}.Release|x64.ActiveCfg = Release|Any CPU
		{54ED3856-5D80-4438-BED5-4CA02839DC7C}.Release|x64.Build.0 = Release|Any CPU
		{54ED3856-5D80-4438-BED5-4CA02839DC7C}.Release|x86.ActiveCfg = Release|Any CPU
		{54ED3856-5D80-4438-BED5-4CA02839DC7C}.Release|x86.Build.0 = Release|Any CPU
		{1AF3A735-D4C3-48E1-B108-E2C049F89B8E}.Debug|Any CPU.ActiveCfg = Debug|Any CPU
		{1AF3A735-D4C3-48E1-B108-E2C049F89B8E}.Debug|Any CPU.Build.0 = Debug|Any CPU
		{1AF3A735-D4C3-48E1-B108-E2C049F89B8E}.Debug|x64.ActiveCfg = Debug|Any CPU
		{1AF3A735-D4C3-48E1-B108-E2C049F89B8E}.Debug|x64.Build.0 = Debug|Any CPU
		{1AF3A735-D4C3-48E1-B108-E2C049F89B8E}.Debug|x86.ActiveCfg = Debug|Any CPU
		{1AF3A735-D4C3-48E1-B108-E2C049F89B8E}.Debug|x86.Build.0 = Debug|Any CPU
		{1AF3A735-D4C3-48E1-B108-E2C049F89B8E}.Release|Any CPU.ActiveCfg = Release|Any CPU
		{1AF3A735-D4C3-48E1-B108-E2C049F89B8E}.Release|Any CPU.Build.0 = Release|Any CPU
		{1AF3A735-D4C3-48E1-B108-E2C049F89B8E}.Release|x64.ActiveCfg = Release|Any CPU
		{1AF3A735-D4C3-48E1-B108-E2C049F89B8E}.Release|x64.Build.0 = Release|Any CPU
		{1AF3A735-D4C3-48E1-B108-E2C049F89B8E}.Release|x86.ActiveCfg = Release|Any CPU
		{1AF3A735-D4C3-48E1-B108-E2C049F89B8E}.Release|x86.Build.0 = Release|Any CPU
		{3BBF675D-2A76-417A-971C-5DE009911EEC}.Debug|Any CPU.ActiveCfg = Debug|Any CPU
		{3BBF675D-2A76-417A-971C-5DE009911EEC}.Debug|Any CPU.Build.0 = Debug|Any CPU
		{3BBF675D-2A76-417A-971C-5DE009911EEC}.Debug|x64.ActiveCfg = Debug|Any CPU
		{3BBF675D-2A76-417A-971C-5DE009911EEC}.Debug|x64.Build.0 = Debug|Any CPU
		{3BBF675D-2A76-417A-971C-5DE009911EEC}.Debug|x86.ActiveCfg = Debug|Any CPU
		{3BBF675D-2A76-417A-971C-5DE009911EEC}.Debug|x86.Build.0 = Debug|Any CPU
		{3BBF675D-2A76-417A-971C-5DE009911EEC}.Release|Any CPU.ActiveCfg = Release|Any CPU
		{3BBF675D-2A76-417A-971C-5DE009911EEC}.Release|Any CPU.Build.0 = Release|Any CPU
		{3BBF675D-2A76-417A-971C-5DE009911EEC}.Release|x64.ActiveCfg = Release|Any CPU
		{3BBF675D-2A76-417A-971C-5DE009911EEC}.Release|x64.Build.0 = Release|Any CPU
		{3BBF675D-2A76-417A-971C-5DE009911EEC}.Release|x86.ActiveCfg = Release|Any CPU
		{3BBF675D-2A76-417A-971C-5DE009911EEC}.Release|x86.Build.0 = Release|Any CPU
		{F2EEE677-0A65-4CA7-AC21-7A9D8E5C6E35}.Debug|Any CPU.ActiveCfg = Debug|Any CPU
		{F2EEE677-0A65-4CA7-AC21-7A9D8E5C6E35}.Debug|Any CPU.Build.0 = Debug|Any CPU
		{F2EEE677-0A65-4CA7-AC21-7A9D8E5C6E35}.Debug|x64.ActiveCfg = Debug|Any CPU
		{F2EEE677-0A65-4CA7-AC21-7A9D8E5C6E35}.Debug|x64.Build.0 = Debug|Any CPU
		{F2EEE677-0A65-4CA7-AC21-7A9D8E5C6E35}.Debug|x86.ActiveCfg = Debug|Any CPU
		{F2EEE677-0A65-4CA7-AC21-7A9D8E5C6E35}.Debug|x86.Build.0 = Debug|Any CPU
		{F2EEE677-0A65-4CA7-AC21-7A9D8E5C6E35}.Release|Any CPU.ActiveCfg = Release|Any CPU
		{F2EEE677-0A65-4CA7-AC21-7A9D8E5C6E35}.Release|Any CPU.Build.0 = Release|Any CPU
		{F2EEE677-0A65-4CA7-AC21-7A9D8E5C6E35}.Release|x64.ActiveCfg = Release|Any CPU
		{F2EEE677-0A65-4CA7-AC21-7A9D8E5C6E35}.Release|x64.Build.0 = Release|Any CPU
		{F2EEE677-0A65-4CA7-AC21-7A9D8E5C6E35}.Release|x86.ActiveCfg = Release|Any CPU
		{F2EEE677-0A65-4CA7-AC21-7A9D8E5C6E35}.Release|x86.Build.0 = Release|Any CPU
		{32CA23D6-8139-47BB-B287-D85406C26E19}.Debug|Any CPU.ActiveCfg = Debug|Any CPU
		{32CA23D6-8139-47BB-B287-D85406C26E19}.Debug|Any CPU.Build.0 = Debug|Any CPU
		{32CA23D6-8139-47BB-B287-D85406C26E19}.Debug|x64.ActiveCfg = Debug|Any CPU
		{32CA23D6-8139-47BB-B287-D85406C26E19}.Debug|x64.Build.0 = Debug|Any CPU
		{32CA23D6-8139-47BB-B287-D85406C26E19}.Debug|x86.ActiveCfg = Debug|Any CPU
		{32CA23D6-8139-47BB-B287-D85406C26E19}.Debug|x86.Build.0 = Debug|Any CPU
		{32CA23D6-8139-47BB-B287-D85406C26E19}.Release|Any CPU.ActiveCfg = Release|Any CPU
		{32CA23D6-8139-47BB-B287-D85406C26E19}.Release|Any CPU.Build.0 = Release|Any CPU
		{32CA23D6-8139-47BB-B287-D85406C26E19}.Release|x64.ActiveCfg = Release|Any CPU
		{32CA23D6-8139-47BB-B287-D85406C26E19}.Release|x64.Build.0 = Release|Any CPU
		{32CA23D6-8139-47BB-B287-D85406C26E19}.Release|x86.ActiveCfg = Release|Any CPU
		{32CA23D6-8139-47BB-B287-D85406C26E19}.Release|x86.Build.0 = Release|Any CPU
		{DDA92B29-5E95-4E8D-BA63-39EC97C9F398}.Debug|Any CPU.ActiveCfg = Debug|Any CPU
		{DDA92B29-5E95-4E8D-BA63-39EC97C9F398}.Debug|Any CPU.Build.0 = Debug|Any CPU
		{DDA92B29-5E95-4E8D-BA63-39EC97C9F398}.Debug|x64.ActiveCfg = Debug|Any CPU
		{DDA92B29-5E95-4E8D-BA63-39EC97C9F398}.Debug|x64.Build.0 = Debug|Any CPU
		{DDA92B29-5E95-4E8D-BA63-39EC97C9F398}.Debug|x86.ActiveCfg = Debug|Any CPU
		{DDA92B29-5E95-4E8D-BA63-39EC97C9F398}.Debug|x86.Build.0 = Debug|Any CPU
		{DDA92B29-5E95-4E8D-BA63-39EC97C9F398}.Release|Any CPU.ActiveCfg = Release|Any CPU
		{DDA92B29-5E95-4E8D-BA63-39EC97C9F398}.Release|Any CPU.Build.0 = Release|Any CPU
		{DDA92B29-5E95-4E8D-BA63-39EC97C9F398}.Release|x64.ActiveCfg = Release|Any CPU
		{DDA92B29-5E95-4E8D-BA63-39EC97C9F398}.Release|x64.Build.0 = Release|Any CPU
		{DDA92B29-5E95-4E8D-BA63-39EC97C9F398}.Release|x86.ActiveCfg = Release|Any CPU
		{DDA92B29-5E95-4E8D-BA63-39EC97C9F398}.Release|x86.Build.0 = Release|Any CPU
	EndGlobalSection
EndGlobal
